
Microsoft Visual Studio Solution File, Format Version 12.00
# Visual Studio Version 16
VisualStudioVersion = 16.0.30804.86
MinimumVisualStudioVersion = 10.0.40219.1
Project("{FAE04EC0-301F-11D3-BF4B-00C04F79EFBC}") = "OOKP_Lab1.7", "OOKP_Lab1.7.csproj", "{904FF747-D601-4395-A3AC-1D0D3A58FE16}"
EndProject
Global
	GlobalSection(SolutionConfigurationPlatforms) = preSolution
		Debug|Any CPU = Debug|Any CPU
		Release|Any CPU = Release|Any CPU
	EndGlobalSection
	GlobalSection(ProjectConfigurationPlatforms) = postSolution
		{904FF747-D601-4395-A3AC-1D0D3A58FE16}.Debug|Any CPU.ActiveCfg = Debug|Any CPU
		{904FF747-D601-4395-A3AC-1D0D3A58FE16}.Debug|Any CPU.Build.0 = Debug|Any CPU
		{904FF747-D601-4395-A3AC-1D0D3A58FE16}.Release|Any CPU.ActiveCfg = Release|Any CPU
		{904FF747-D601-4395-A3AC-1D0D3A58FE16}.Release|Any CPU.Build.0 = Release|Any CPU
	EndGlobalSection
	GlobalSection(SolutionProperties) = preSolution
		HideSolutionNode = FALSE
	EndGlobalSection
	GlobalSection(ExtensibilityGlobals) = postSolution
		SolutionGuid = {6301CD04-A27D-4082-91FD-8CBA89047DEC}
	EndGlobalSection
EndGlobal
